// !$*UTF8*$!
{
	archiveVersion = 1;
	classes = {
	};
	objectVersion = 46;
	objects = {

/* Begin PBXBuildFile section */
		A04540AB1B177739007E0B05 /* AppDelegate.swift in Sources */ = {isa = PBXBuildFile; fileRef = A04540AA1B177739007E0B05 /* AppDelegate.swift */; };
		A04540AD1B177739007E0B05 /* ViewController.swift in Sources */ = {isa = PBXBuildFile; fileRef = A04540AC1B177739007E0B05 /* ViewController.swift */; };
		A04540B21B177739007E0B05 /* Images.xcassets in Resources */ = {isa = PBXBuildFile; fileRef = A04540B11B177739007E0B05 /* Images.xcassets */; };
		A04540C11B177739007E0B05 /* WeiJuTests.swift in Sources */ = {isa = PBXBuildFile; fileRef = A04540C01B177739007E0B05 /* WeiJuTests.swift */; };
		B6A59D7958C2D2429FDDB8B9 /* Pods.framework in Frameworks */ = {isa = PBXBuildFile; fileRef = 34231B7876FF3083A2B90314 /* Pods.framework */; settings = {ATTRIBUTES = (Weak, ); }; };
/* End PBXBuildFile section */

/* Begin PBXContainerItemProxy section */
		A04540BB1B177739007E0B05 /* PBXContainerItemProxy */ = {
			isa = PBXContainerItemProxy;
			containerPortal = A045409D1B177739007E0B05 /* Project object */;
			proxyType = 1;
			remoteGlobalIDString = A04540A41B177739007E0B05;
			remoteInfo = WeiJu;
		};
/* End PBXContainerItemProxy section */

/* Begin PBXFileReference section */
		31D90B1E8E0109CBB89E9A15 /* Pods.debug.xcconfig */ = {isa = PBXFileReference; includeInIndex = 1; lastKnownFileType = text.xcconfig; name = Pods.debug.xcconfig; path = "Pods/Target Support Files/Pods/Pods.debug.xcconfig"; sourceTree = "<group>"; };
		34231B7876FF3083A2B90314 /* Pods.framework */ = {isa = PBXFileReference; explicitFileType = wrapper.framework; includeInIndex = 0; path = Pods.framework; sourceTree = BUILT_PRODUCTS_DIR; };
		7EF6C071C3538BA8CC128C4A /* Pods.release.xcconfig */ = {isa = PBXFileReference; includeInIndex = 1; lastKnownFileType = text.xcconfig; name = Pods.release.xcconfig; path = "Pods/Target Support Files/Pods/Pods.release.xcconfig"; sourceTree = "<group>"; };
		A04540A51B177739007E0B05 /* WeiJu.app */ = {isa = PBXFileReference; explicitFileType = wrapper.application; includeInIndex = 0; path = WeiJu.app; sourceTree = BUILT_PRODUCTS_DIR; };
		A04540A91B177739007E0B05 /* Info.plist */ = {isa = PBXFileReference; lastKnownFileType = text.plist.xml; path = Info.plist; sourceTree = "<group>"; };
		A04540AA1B177739007E0B05 /* AppDelegate.swift */ = {isa = PBXFileReference; lastKnownFileType = sourcecode.swift; path = AppDelegate.swift; sourceTree = "<group>"; };
		A04540AC1B177739007E0B05 /* ViewController.swift */ = {isa = PBXFileReference; lastKnownFileType = sourcecode.swift; path = ViewController.swift; sourceTree = "<group>"; };
		A04540B11B177739007E0B05 /* Images.xcassets */ = {isa = PBXFileReference; lastKnownFileType = folder.assetcatalog; path = Images.xcassets; sourceTree = "<group>"; };
		A04540BA1B177739007E0B05 /* WeiJuTests.xctest */ = {isa = PBXFileReference; explicitFileType = wrapper.cfbundle; includeInIndex = 0; path = WeiJuTests.xctest; sourceTree = BUILT_PRODUCTS_DIR; };
		A04540BF1B177739007E0B05 /* Info.plist */ = {isa = PBXFileReference; lastKnownFileType = text.plist.xml; path = Info.plist; sourceTree = "<group>"; };
		A04540C01B177739007E0B05 /* WeiJuTests.swift */ = {isa = PBXFileReference; lastKnownFileType = sourcecode.swift; path = WeiJuTests.swift; sourceTree = "<group>"; };
/* End PBXFileReference section */

/* Begin PBXFrameworksBuildPhase section */
		A04540A21B177739007E0B05 /* Frameworks */ = {
			isa = PBXFrameworksBuildPhase;
			buildActionMask = 2147483647;
			files = (
				B6A59D7958C2D2429FDDB8B9 /* Pods.framework in Frameworks */,
			);
			runOnlyForDeploymentPostprocessing = 0;
		};
		A04540B71B177739007E0B05 /* Frameworks */ = {
			isa = PBXFrameworksBuildPhase;
			buildActionMask = 2147483647;
			files = (
			);
			runOnlyForDeploymentPostprocessing = 0;
		};
/* End PBXFrameworksBuildPhase section */

/* Begin PBXGroup section */
		167A6E5B14880049E8445ACD /* Pods */ = {
			isa = PBXGroup;
			children = (
				31D90B1E8E0109CBB89E9A15 /* Pods.debug.xcconfig */,
				7EF6C071C3538BA8CC128C4A /* Pods.release.xcconfig */,
			);
			name = Pods;
			sourceTree = "<group>";
		};
		9DF0A5AD38F310F8CD041DE9 /* Frameworks */ = {
			isa = PBXGroup;
			children = (
				34231B7876FF3083A2B90314 /* Pods.framework */,
			);
			name = Frameworks;
			sourceTree = "<group>";
		};
		A045409C1B177739007E0B05 = {
			isa = PBXGroup;
			children = (
				A04540A71B177739007E0B05 /* WeiJu */,
				A04540BD1B177739007E0B05 /* WeiJuTests */,
				A04540A61B177739007E0B05 /* Products */,
				167A6E5B14880049E8445ACD /* Pods */,
				9DF0A5AD38F310F8CD041DE9 /* Frameworks */,
			);
			sourceTree = "<group>";
		};
		A04540A61B177739007E0B05 /* Products */ = {
			isa = PBXGroup;
			children = (
				A04540A51B177739007E0B05 /* WeiJu.app */,
				A04540BA1B177739007E0B05 /* WeiJuTests.xctest */,
			);
			name = Products;
			sourceTree = "<group>";
		};
		A04540A71B177739007E0B05 /* WeiJu */ = {
			isa = PBXGroup;
			children = (
				A04540AA1B177739007E0B05 /* AppDelegate.swift */,
				A04540AC1B177739007E0B05 /* ViewController.swift */,
				A04540B11B177739007E0B05 /* Images.xcassets */,
				A04540A81B177739007E0B05 /* Supporting Files */,
			);
			path = WeiJu;
			sourceTree = "<group>";
		};
		A04540A81B177739007E0B05 /* Supporting Files */ = {
			isa = PBXGroup;
			children = (
				A04540A91B177739007E0B05 /* Info.plist */,
			);
			name = "Supporting Files";
			sourceTree = "<group>";
		};
		A04540BD1B177739007E0B05 /* WeiJuTests */ = {
			isa = PBXGroup;
			children = (
				A04540C01B177739007E0B05 /* WeiJuTests.swift */,
				A04540BE1B177739007E0B05 /* Supporting Files */,
			);
			path = WeiJuTests;
			sourceTree = "<group>";
		};
		A04540BE1B177739007E0B05 /* Supporting Files */ = {
			isa = PBXGroup;
			children = (
				A04540BF1B177739007E0B05 /* Info.plist */,
			);
			name = "Supporting Files";
			sourceTree = "<group>";
		};
/* End PBXGroup section */

/* Begin PBXNativeTarget section */
		A04540A41B177739007E0B05 /* WeiJu */ = {
			isa = PBXNativeTarget;
			buildConfigurationList = A04540C41B177739007E0B05 /* Build configuration list for PBXNativeTarget "WeiJu" */;
			buildPhases = (
				FBDB930990C06179D90D5F4D /* Check Pods Manifest.lock */,
				A04540A11B177739007E0B05 /* Sources */,
				A04540A21B177739007E0B05 /* Frameworks */,
				A04540A31B177739007E0B05 /* Resources */,
				E3A28F2A3F179B4395D16B60 /* Embed Pods Frameworks */,
				7439346F1843A5BCC50A6796 /* Copy Pods Resources */,
			);
			buildRules = (
			);
			dependencies = (
			);
			name = WeiJu;
			productName = WeiJu;
			productReference = A04540A51B177739007E0B05 /* WeiJu.app */;
			productType = "com.apple.product-type.application";
		};
		A04540B91B177739007E0B05 /* WeiJuTests */ = {
			isa = PBXNativeTarget;
			buildConfigurationList = A04540C71B177739007E0B05 /* Build configuration list for PBXNativeTarget "WeiJuTests" */;
			buildPhases = (
				A04540B61B177739007E0B05 /* Sources */,
				A04540B71B177739007E0B05 /* Frameworks */,
				A04540B81B177739007E0B05 /* Resources */,
			);
			buildRules = (
			);
			dependencies = (
				A04540BC1B177739007E0B05 /* PBXTargetDependency */,
			);
			name = WeiJuTests;
			productName = WeiJuTests;
			productReference = A04540BA1B177739007E0B05 /* WeiJuTests.xctest */;
			productType = "com.apple.product-type.bundle.unit-test";
		};
/* End PBXNativeTarget section */

/* Begin PBXProject section */
		A045409D1B177739007E0B05 /* Project object */ = {
			isa = PBXProject;
			attributes = {
				LastUpgradeCheck = 0630;
				ORGANIZATIONNAME = tuotuode;
				TargetAttributes = {
					A04540A41B177739007E0B05 = {
						CreatedOnToolsVersion = 6.3.1;
					};
					A04540B91B177739007E0B05 = {
						CreatedOnToolsVersion = 6.3.1;
						TestTargetID = A04540A41B177739007E0B05;
					};
				};
			};
			buildConfigurationList = A04540A01B177739007E0B05 /* Build configuration list for PBXProject "WeiJu" */;
			compatibilityVersion = "Xcode 3.2";
			developmentRegion = English;
			hasScannedForEncodings = 0;
			knownRegions = (
				en,
				Base,
			);
			mainGroup = A045409C1B177739007E0B05;
			productRefGroup = A04540A61B177739007E0B05 /* Products */;
			projectDirPath = "";
			projectRoot = "";
			targets = (
				A04540A41B177739007E0B05 /* WeiJu */,
				A04540B91B177739007E0B05 /* WeiJuTests */,
			);
		};
/* End PBXProject section */

/* Begin PBXResourcesBuildPhase section */
		A04540A31B177739007E0B05 /* Resources */ = {
			isa = PBXResourcesBuildPhase;
			buildActionMask = 2147483647;
			files = (
				A04540B21B177739007E0B05 /* Images.xcassets in Resources */,
			);
			runOnlyForDeploymentPostprocessing = 0;
		};
		A04540B81B177739007E0B05 /* Resources */ = {
			isa = PBXResourcesBuildPhase;
			buildActionMask = 2147483647;
			files = (
			);
			runOnlyForDeploymentPostprocessing = 0;
		};
/* End PBXResourcesBuildPhase section */

/* Begin PBXShellScriptBuildPhase section */
		7439346F1843A5BCC50A6796 /* Copy Pods Resources */ = {
			isa = PBXShellScriptBuildPhase;
			buildActionMask = 2147483647;
			files = (
			);
			inputPaths = (
			);
			name = "Copy Pods Resources";
			outputPaths = (
			);
			runOnlyForDeploymentPostprocessing = 0;
			shellPath = /bin/sh;
			shellScript = "\"${SRCROOT}/Pods/Target Support Files/Pods/Pods-resources.sh\"\n";
			showEnvVarsInLog = 0;
		};
		E3A28F2A3F179B4395D16B60 /* Embed Pods Frameworks */ = {
			isa = PBXShellScriptBuildPhase;
			buildActionMask = 2147483647;
			files = (
			);
			inputPaths = (
			);
			name = "Embed Pods Frameworks";
			outputPaths = (
			);
			runOnlyForDeploymentPostprocessing = 0;
			shellPath = /bin/sh;
			shellScript = "\"${SRCROOT}/Pods/Target Support Files/Pods/Pods-frameworks.sh\"\n";
			showEnvVarsInLog = 0;
		};
		FBDB930990C06179D90D5F4D /* Check Pods Manifest.lock */ = {
			isa = PBXShellScriptBuildPhase;
			buildActionMask = 2147483647;
			files = (
			);
			inputPaths = (
			);
			name = "Check Pods Manifest.lock";
			outputPaths = (
			);
			runOnlyForDeploymentPostprocessing = 0;
			shellPath = /bin/sh;
			shellScript = "diff \"${PODS_ROOT}/../Podfile.lock\" \"${PODS_ROOT}/Manifest.lock\" > /dev/null\nif [[ $? != 0 ]] ; then\n    cat << EOM\nerror: The sandbox is not in sync with the Podfile.lock. Run 'pod install' or update your CocoaPods installation.\nEOM\n    exit 1\nfi\n";
			showEnvVarsInLog = 0;
		};
/* End PBXShellScriptBuildPhase section */

/* Begin PBXSourcesBuildPhase section */
		A04540A11B177739007E0B05 /* Sources */ = {
			isa = PBXSourcesBuildPhase;
			buildActionMask = 2147483647;
			files = (
				A04540AD1B177739007E0B05 /* ViewController.swift in Sources */,
				A04540AB1B177739007E0B05 /* AppDelegate.swift in Sources */,
			);
			runOnlyForDeploymentPostprocessing = 0;
		};
		A04540B61B177739007E0B05 /* Sources */ = {
			isa = PBXSourcesBuildPhase;
			buildActionMask = 2147483647;
			files = (
				A04540C11B177739007E0B05 /* WeiJuTests.swift in Sources */,
			);
			runOnlyForDeploymentPostprocessing = 0;
		};
/* End PBXSourcesBuildPhase section */

/* Begin PBXTargetDependency section */
		A04540BC1B177739007E0B05 /* PBXTargetDependency */ = {
			isa = PBXTargetDependency;
			target = A04540A41B177739007E0B05 /* WeiJu */;
			targetProxy = A04540BB1B177739007E0B05 /* PBXContainerItemProxy */;
		};
/* End PBXTargetDependency section */

/* Begin XCBuildConfiguration section */
		A04540C21B177739007E0B05 /* Debug */ = {
			isa = XCBuildConfiguration;
			buildSettings = {
				ALWAYS_SEARCH_USER_PATHS = NO;
				CLANG_CXX_LANGUAGE_STANDARD = "gnu++0x";
				CLANG_CXX_LIBRARY = "libc++";
				CLANG_ENABLE_MODULES = YES;
				CLANG_ENABLE_OBJC_ARC = YES;
				CLANG_WARN_BOOL_CONVERSION = YES;
				CLANG_WARN_CONSTANT_CONVERSION = YES;
				CLANG_WARN_DIRECT_OBJC_ISA_USAGE = YES_ERROR;
				CLANG_WARN_EMPTY_BODY = YES;
				CLANG_WARN_ENUM_CONVERSION = YES;
				CLANG_WARN_INT_CONVERSION = YES;
				CLANG_WARN_OBJC_ROOT_CLASS = YES_ERROR;
				CLANG_WARN_UNREACHABLE_CODE = YES;
				CLANG_WARN__DUPLICATE_METHOD_MATCH = YES;
				"CODE_SIGN_IDENTITY[sdk=iphoneos*]" = "iPhone Developer";
				COPY_PHASE_STRIP = NO;
				DEBUG_INFORMATION_FORMAT = "dwarf-with-dsym";
				ENABLE_STRICT_OBJC_MSGSEND = YES;
				GCC_C_LANGUAGE_STANDARD = gnu99;
				GCC_DYNAMIC_NO_PIC = NO;
				GCC_NO_COMMON_BLOCKS = YES;
				GCC_OPTIMIZATION_LEVEL = 0;
				GCC_PREPROCESSOR_DEFINITIONS = (
					"DEBUG=1",
					"$(inherited)",
				);
				GCC_SYMBOLS_PRIVATE_EXTERN = NO;
				GCC_WARN_64_TO_32_BIT_CONVERSION = YES;
				GCC_WARN_ABOUT_RETURN_TYPE = YES_ERROR;
				GCC_WARN_UNDECLARED_SELECTOR = YES;
				GCC_WARN_UNINITIALIZED_AUTOS = YES_AGGRESSIVE;
				GCC_WARN_UNUSED_FUNCTION = YES;
				GCC_WARN_UNUSED_VARIABLE = YES;
				IPHONEOS_DEPLOYMENT_TARGET = 8.3;
				MTL_ENABLE_DEBUG_INFO = YES;
				ONLY_ACTIVE_ARCH = YES;
				SDKROOT = iphoneos;
				SWIFT_OPTIMIZATION_LEVEL = "-Onone";
			};
			name = Debug;
		};
		A04540C31B177739007E0B05 /* Release */ = {
			isa = XCBuildConfiguration;
			buildSettings = {
				ALWAYS_SEARCH_USER_PATHS = NO;
				CLANG_CXX_LANGUAGE_STANDARD = "gnu++0x";
				CLANG_CXX_LIBRARY = "libc++";
				CLANG_ENABLE_MODULES = YES;
				CLANG_ENABLE_OBJC_ARC = YES;
				CLANG_WARN_BOOL_CONVERSION = YES;
				CLANG_WARN_CONSTANT_CONVERSION = YES;
				CLANG_WARN_DIRECT_OBJC_ISA_USAGE = YES_ERROR;
				CLANG_WARN_EMPTY_BODY = YES;
				CLANG_WARN_ENUM_CONVERSION = YES;
				CLANG_WARN_INT_CONVERSION = YES;
				CLANG_WARN_OBJC_ROOT_CLASS = YES_ERROR;
				CLANG_WARN_UNREACHABLE_CODE = YES;
				CLANG_WARN__DUPLICATE_METHOD_MATCH = YES;
				"CODE_SIGN_IDENTITY[sdk=iphoneos*]" = "iPhone Developer";
				COPY_PHASE_STRIP = NO;
				DEBUG_INFORMATION_FORMAT = "dwarf-with-dsym";
				ENABLE_NS_ASSERTIONS = NO;
				ENABLE_STRICT_OBJC_MSGSEND = YES;
				GCC_C_LANGUAGE_STANDARD = gnu99;
				GCC_NO_COMMON_BLOCKS = YES;
				GCC_WARN_64_TO_32_BIT_CONVERSION = YES;
				GCC_WARN_ABOUT_RETURN_TYPE = YES_ERROR;
				GCC_WARN_UNDECLARED_SELECTOR = YES;
				GCC_WARN_UNINITIALIZED_AUTOS = YES_AGGRESSIVE;
				GCC_WARN_UNUSED_FUNCTION = YES;
				GCC_WARN_UNUSED_VARIABLE = YES;
				IPHONEOS_DEPLOYMENT_TARGET = 8.3;
				MTL_ENABLE_DEBUG_INFO = NO;
				SDKROOT = iphoneos;
				VALIDATE_PRODUCT = YES;
			};
			name = Release;
		};
		A04540C51B177739007E0B05 /* Debug */ = {
			isa = XCBuildConfiguration;
			baseConfigurationReference = 31D90B1E8E0109CBB89E9A15 /* Pods.debug.xcconfig */;
			buildSettings = {
				ASSETCATALOG_COMPILER_APPICON_NAME = AppIcon;
				ASSETCATALOG_COMPILER_LAUNCHIMAGE_NAME = LaunchImage;
				INFOPLIST_FILE = WeiJu/Info.plist;
				LD_RUNPATH_SEARCH_PATHS = "$(inherited) @executable_path/Frameworks";
				PRODUCT_NAME = "$(TARGET_NAME)";
			};
			name = Debug;
		};
		A04540C61B177739007E0B05 /* Release */ = {
			isa = XCBuildConfiguration;
			baseConfigurationReference = 7EF6C071C3538BA8CC128C4A /* Pods.release.xcconfig */;
			buildSettings = {
				ASSETCATALOG_COMPILER_APPICON_NAME = AppIcon;
				ASSETCATALOG_COMPILER_LAUNCHIMAGE_NAME = LaunchImage;
				INFOPLIST_FILE = WeiJu/Info.plist;
				LD_RUNPATH_SEARCH_PATHS = "$(inherited) @executable_path/Frameworks";
				PRODUCT_NAME = "$(TARGET_NAME)";
			};
			name = Release;
		};
		A04540C81B177739007E0B05 /* Debug */ = {
			isa = XCBuildConfiguration;
			buildSettings = {
				BUNDLE_LOADER = "$(TEST_HOST)";
				FRAMEWORK_SEARCH_PATHS = (
					"$(SDKROOT)/Developer/Library/Frameworks",
					"$(inherited)",
				);
				GCC_PREPROCESSOR_DEFINITIONS = (
					"DEBUG=1",
					"$(inherited)",
				);
				INFOPLIST_FILE = WeiJuTests/Info.plist;
				LD_RUNPATH_SEARCH_PATHS = "$(inherited) @executable_path/Frameworks @loader_path/Frameworks";
				PRODUCT_NAME = "$(TARGET_NAME)";
				TEST_HOST = "$(BUILT_PRODUCTS_DIR)/WeiJu.app/WeiJu";
			};
			name = Debug;
		};
		A04540C91B177739007E0B05 /* Release */ = {
			isa = XCBuildConfiguration;
			buildSettings = {
				BUNDLE_LOADER = "$(TEST_HOST)";
				FRAMEWORK_SEARCH_PATHS = (
					"$(SDKROOT)/Developer/Library/Frameworks",
					"$(inherited)",
				);
				INFOPLIST_FILE = WeiJuTests/Info.plist;
				LD_RUNPATH_SEARCH_PATHS = "$(inherited) @executable_path/Frameworks @loader_path/Frameworks";
				PRODUCT_NAME = "$(TARGET_NAME)";
				TEST_HOST = "$(BUILT_PRODUCTS_DIR)/WeiJu.app/WeiJu";
			};
			name = Release;
		};
/* End XCBuildConfiguration section */

/* Begin XCConfigurationList section */
		A04540A01B177739007E0B05 /* Build configuration list for PBXProject "WeiJu" */ = {
			isa = XCConfigurationList;
			buildConfigurations = (
				A04540C21B177739007E0B05 /* Debug */,
				A04540C31B177739007E0B05 /* Release */,
			);
			defaultConfigurationIsVisible = 0;
			defaultConfigurationName = Release;
		};
		A04540C41B177739007E0B05 /* Build configuration list for PBXNativeTarget "WeiJu" */ = {
			isa = XCConfigurationList;
			buildConfigurations = (
				A04540C51B177739007E0B05 /* Debug */,
				A04540C61B177739007E0B05 /* Release */,
			);
			defaultConfigurationIsVisible = 0;
			defaultConfigurationName = Release;
		};
		A04540C71B177739007E0B05 /* Build configuration list for PBXNativeTarget "WeiJuTests" */ = {
			isa = XCConfigurationList;
			buildConfigurations = (
				A04540C81B177739007E0B05 /* Debug */,
				A04540C91B177739007E0B05 /* Release */,
			);
			defaultConfigurationIsVisible = 0;
			defaultConfigurationName = Release;
		};
/* End XCConfigurationList section */
	};
	rootObject = A045409D1B177739007E0B05 /* Project object */;
}
